
Microsoft Visual Studio Solution File, Format Version 12.00
# Visual Studio Version 16
VisualStudioVersion = 16.0.29709.97
MinimumVisualStudioVersion = 10.0.40219.1
Project("{FAE04EC0-301F-11D3-BF4B-00C04F79EFBC}") = "SegundoParcial2", "SegundoParcial2.csproj", "{DE91F110-A435-412D-8AA8-E4D8E9A612E9}"
EndProject
Global
	GlobalSection(SolutionConfigurationPlatforms) = preSolution
		Debug|Any CPU = Debug|Any CPU
		Release|Any CPU = Release|Any CPU
	EndGlobalSection
	GlobalSection(ProjectConfigurationPlatforms) = postSolution
		{DE91F110-A435-412D-8AA8-E4D8E9A612E9}.Debug|Any CPU.ActiveCfg = Debug|Any CPU
		{DE91F110-A435-412D-8AA8-E4D8E9A612E9}.Debug|Any CPU.Build.0 = Debug|Any CPU
		{DE91F110-A435-412D-8AA8-E4D8E9A612E9}.Release|Any CPU.ActiveCfg = Release|Any CPU
		{DE91F110-A435-412D-8AA8-E4D8E9A612E9}.Release|Any CPU.Build.0 = Release|Any CPU
	EndGlobalSection
	GlobalSection(SolutionProperties) = preSolution
		HideSolutionNode = FALSE
	EndGlobalSection
	GlobalSection(ExtensibilityGlobals) = postSolution
		SolutionGuid = {4E1AE47E-588A-4A7E-B608-71F31391A69D}
	EndGlobalSection
EndGlobal
